
Microsoft Visual Studio Solution File, Format Version 12.00
# Visual Studio Version 16
VisualStudioVersion = 16.0.30413.136
MinimumVisualStudioVersion = 10.0.40219.1
Project("{FAE04EC0-301F-11D3-BF4B-00C04F79EFBC}") = "proxy-exercise01", "Proxy\proxy-ex01\proxy-exercise01.csproj", "{C106310F-B087-49D2-B2BD-A166B2F938C2}"
EndProject
Project("{FAE04EC0-301F-11D3-BF4B-00C04F79EFBC}") = "proxy-exercise02", "Proxy\proxy-ex02\proxy-exercise02.csproj", "{3CEFEF2E-2447-4448-AFBA-8B2DA93AB8EB}"
EndProject
Project("{FAE04EC0-301F-11D3-BF4B-00C04F79EFBC}") = "proxy-exercise03", "Proxy\proxy-ex03\proxy-exercise03.csproj", "{697763B8-7ED1-4DEC-8F8A-0BC30DD2EA9C}"
EndProject
Project("{FAE04EC0-301F-11D3-BF4B-00C04F79EFBC}") = "decorator-exercise01", "Decorator\decorator-exercise01\decorator-exercise01.csproj", "{89A8DC5C-C26C-45D6-9E5F-E6A57960D22A}"
EndProject
Project("{FAE04EC0-301F-11D3-BF4B-00C04F79EFBC}") = "decorator-exercise02", "Decorator\decorator-exercise02\decorator-exercise02.csproj", "{AFBA51CF-AC9C-4A01-BB79-EEFCFD4D3A44}"
EndProject
Project("{FAE04EC0-301F-11D3-BF4B-00C04F79EFBC}") = "proxy-exercise05", "Proxy\proxy-ex05\proxy-exercise05.csproj", "{0B6FA756-86A6-43AE-AD17-4F42891846FD}"
EndProject
Project("{FAE04EC0-301F-11D3-BF4B-00C04F79EFBC}") = "adapter-exercise02", "Adapter\adapter-exercise02\adapter-exercise02.csproj", "{DFD8F01D-9498-44C7-B8AD-51EEE7E8D33E}"
EndProject
Project("{FAE04EC0-301F-11D3-BF4B-00C04F79EFBC}") = "bridge-exercise01", "Bridge\bridge-exercise01\bridge-exercise01.csproj", "{2C230962-9CA9-4153-8887-5E5CFB63326C}"
EndProject
Project("{2150E333-8FDC-42A3-9474-1A3956D46DE8}") = "Bridge", "Bridge", "{4FC74285-6326-4AB0-BD8E-6E31D744853E}"
EndProject
Project("{2150E333-8FDC-42A3-9474-1A3956D46DE8}") = "Decorator", "Decorator", "{A76657A7-BB29-4664-9E95-6F3AF7A499C1}"
EndProject
Project("{2150E333-8FDC-42A3-9474-1A3956D46DE8}") = "Proxy", "Proxy", "{850E4F55-8F08-4F61-9C05-04FAD7153C2C}"
EndProject
Project("{2150E333-8FDC-42A3-9474-1A3956D46DE8}") = "Adapter", "Adapter", "{3A1E0A3C-327A-40F5-B09B-8C9100189035}"
EndProject
Project("{2150E333-8FDC-42A3-9474-1A3956D46DE8}") = "Abstract Factory", "Abstract Factory", "{858174AB-5530-453A-8AD3-2E4474AD3304}"
EndProject
Project("{FAE04EC0-301F-11D3-BF4B-00C04F79EFBC}") = "abstractfactory-exercise01", "Abstract Factory\abstractfactory-exercise01\abstractfactory-exercise01.csproj", "{930F9975-C2DC-4834-B7FC-CF73EA61B696}"
EndProject
Project("{FAE04EC0-301F-11D3-BF4B-00C04F79EFBC}") = "builder-exercise01", "Builder\builder-exercise01\builder-exercise01.csproj", "{E96B803D-AC8C-4B1F-B563-BA4A6566C36C}"
EndProject
Project("{2150E333-8FDC-42A3-9474-1A3956D46DE8}") = "Builder", "Builder", "{B51D6FAE-FCC3-4A21-9AA1-31B678FDCFAC}"
EndProject
Project("{FAE04EC0-301F-11D3-BF4B-00C04F79EFBC}") = "builder-exercise02", "Builder\builder-exercise02\builder-exercise02.csproj", "{87A6038C-B2EC-41B9-9E98-AD6D2CDE87E0}"
EndProject
Project("{2150E333-8FDC-42A3-9474-1A3956D46DE8}") = "ChainOfResponsibility", "ChainOfResponsibility", "{104BDE0D-DBAC-49AF-95B1-410283592FD9}"
EndProject
Project("{FAE04EC0-301F-11D3-BF4B-00C04F79EFBC}") = "cor-exercise01", "Chain Of Responsibility\cor-exercise01\cor-exercise01.csproj", "{7EF87752-D147-4A1B-8924-4C8B017EA605}"
EndProject
Project("{2150E333-8FDC-42A3-9474-1A3956D46DE8}") = "Iterator", "Iterator", "{5E8AEE2C-5802-4194-91FA-8DBD618800CC}"
EndProject
Project("{FAE04EC0-301F-11D3-BF4B-00C04F79EFBC}") = "iterator-exercise01", "Iterator\iterator-exercise01\iterator-exercise01.csproj", "{ABA0C2DD-A53C-4000-AB1C-54D864A39B21}"
EndProject
Project("{FAE04EC0-301F-11D3-BF4B-00C04F79EFBC}") = "iterator-exercise03", "Iterator\iterator-exercise03\iterator-exercise03.csproj", "{038DF08C-BA90-4ED3-8482-64B2DBE26FF2}"
EndProject
Project("{2150E333-8FDC-42A3-9474-1A3956D46DE8}") = "Observer", "Observer", "{C6EF3FBF-F432-493F-B435-B3C3CE34A2F3}"
EndProject
Project("{FAE04EC0-301F-11D3-BF4B-00C04F79EFBC}") = "observer-exercise01", "Observer\observer-exercise01\observer-exercise01.csproj", "{37B53AD7-FA54-4A29-9CE2-3DAA0D1C890B}"
EndProject
Project("{2150E333-8FDC-42A3-9474-1A3956D46DE8}") = "State", "State", "{07F335D3-9368-4474-8FD4-B3A0441B2877}"
EndProject
Project("{FAE04EC0-301F-11D3-BF4B-00C04F79EFBC}") = "state-exercise01", "State\state-exercise01\state-exercise01.csproj", "{7A22FEA2-8171-4110-BA02-F45769DC6590}"
EndProject
Project("{2150E333-8FDC-42A3-9474-1A3956D46DE8}") = "Strategy", "Strategy", "{1AF45186-D46D-4FED-AAC2-C7E6BCE8D7CD}"
EndProject
Project("{FAE04EC0-301F-11D3-BF4B-00C04F79EFBC}") = "strategy-exercise01", "Strategy\strategy-exercise01\strategy-exercise01.csproj", "{31774BBB-AD16-4C62-8BE6-D10353B1360A}"
EndProject
Global
	GlobalSection(SolutionConfigurationPlatforms) = preSolution
		Debug|Any CPU = Debug|Any CPU
		Release|Any CPU = Release|Any CPU
	EndGlobalSection
	GlobalSection(ProjectConfigurationPlatforms) = postSolution
		{C106310F-B087-49D2-B2BD-A166B2F938C2}.Debug|Any CPU.ActiveCfg = Debug|Any CPU
		{C106310F-B087-49D2-B2BD-A166B2F938C2}.Debug|Any CPU.Build.0 = Debug|Any CPU
		{C106310F-B087-49D2-B2BD-A166B2F938C2}.Release|Any CPU.ActiveCfg = Release|Any CPU
		{C106310F-B087-49D2-B2BD-A166B2F938C2}.Release|Any CPU.Build.0 = Release|Any CPU
		{3CEFEF2E-2447-4448-AFBA-8B2DA93AB8EB}.Debug|Any CPU.ActiveCfg = Debug|Any CPU
		{3CEFEF2E-2447-4448-AFBA-8B2DA93AB8EB}.Debug|Any CPU.Build.0 = Debug|Any CPU
		{3CEFEF2E-2447-4448-AFBA-8B2DA93AB8EB}.Release|Any CPU.ActiveCfg = Release|Any CPU
		{3CEFEF2E-2447-4448-AFBA-8B2DA93AB8EB}.Release|Any CPU.Build.0 = Release|Any CPU
		{697763B8-7ED1-4DEC-8F8A-0BC30DD2EA9C}.Debug|Any CPU.ActiveCfg = Debug|Any CPU
		{697763B8-7ED1-4DEC-8F8A-0BC30DD2EA9C}.Debug|Any CPU.Build.0 = Debug|Any CPU
		{697763B8-7ED1-4DEC-8F8A-0BC30DD2EA9C}.Release|Any CPU.ActiveCfg = Release|Any CPU
		{697763B8-7ED1-4DEC-8F8A-0BC30DD2EA9C}.Release|Any CPU.Build.0 = Release|Any CPU
		{89A8DC5C-C26C-45D6-9E5F-E6A57960D22A}.Debug|Any CPU.ActiveCfg = Debug|Any CPU
		{89A8DC5C-C26C-45D6-9E5F-E6A57960D22A}.Debug|Any CPU.Build.0 = Debug|Any CPU
		{89A8DC5C-C26C-45D6-9E5F-E6A57960D22A}.Release|Any CPU.ActiveCfg = Release|Any CPU
		{89A8DC5C-C26C-45D6-9E5F-E6A57960D22A}.Release|Any CPU.Build.0 = Release|Any CPU
		{AFBA51CF-AC9C-4A01-BB79-EEFCFD4D3A44}.Debug|Any CPU.ActiveCfg = Debug|Any CPU
		{AFBA51CF-AC9C-4A01-BB79-EEFCFD4D3A44}.Debug|Any CPU.Build.0 = Debug|Any CPU
		{AFBA51CF-AC9C-4A01-BB79-EEFCFD4D3A44}.Release|Any CPU.ActiveCfg = Release|Any CPU
		{AFBA51CF-AC9C-4A01-BB79-EEFCFD4D3A44}.Release|Any CPU.Build.0 = Release|Any CPU
		{0B6FA756-86A6-43AE-AD17-4F42891846FD}.Debug|Any CPU.ActiveCfg = Debug|Any CPU
		{0B6FA756-86A6-43AE-AD17-4F42891846FD}.Debug|Any CPU.Build.0 = Debug|Any CPU
		{0B6FA756-86A6-43AE-AD17-4F42891846FD}.Release|Any CPU.ActiveCfg = Release|Any CPU
		{0B6FA756-86A6-43AE-AD17-4F42891846FD}.Release|Any CPU.Build.0 = Release|Any CPU
		{DFD8F01D-9498-44C7-B8AD-51EEE7E8D33E}.Debug|Any CPU.ActiveCfg = Debug|Any CPU
		{DFD8F01D-9498-44C7-B8AD-51EEE7E8D33E}.Debug|Any CPU.Build.0 = Debug|Any CPU
		{DFD8F01D-9498-44C7-B8AD-51EEE7E8D33E}.Release|Any CPU.ActiveCfg = Release|Any CPU
		{DFD8F01D-9498-44C7-B8AD-51EEE7E8D33E}.Release|Any CPU.Build.0 = Release|Any CPU
		{2C230962-9CA9-4153-8887-5E5CFB63326C}.Debug|Any CPU.ActiveCfg = Debug|Any CPU
		{2C230962-9CA9-4153-8887-5E5CFB63326C}.Debug|Any CPU.Build.0 = Debug|Any CPU
		{2C230962-9CA9-4153-8887-5E5CFB63326C}.Release|Any CPU.ActiveCfg = Release|Any CPU
		{2C230962-9CA9-4153-8887-5E5CFB63326C}.Release|Any CPU.Build.0 = Release|Any CPU
		{930F9975-C2DC-4834-B7FC-CF73EA61B696}.Debug|Any CPU.ActiveCfg = Debug|Any CPU
		{930F9975-C2DC-4834-B7FC-CF73EA61B696}.Debug|Any CPU.Build.0 = Debug|Any CPU
		{930F9975-C2DC-4834-B7FC-CF73EA61B696}.Release|Any CPU.ActiveCfg = Release|Any CPU
		{930F9975-C2DC-4834-B7FC-CF73EA61B696}.Release|Any CPU.Build.0 = Release|Any CPU
		{E96B803D-AC8C-4B1F-B563-BA4A6566C36C}.Debug|Any CPU.ActiveCfg = Debug|Any CPU
		{E96B803D-AC8C-4B1F-B563-BA4A6566C36C}.Debug|Any CPU.Build.0 = Debug|Any CPU
		{E96B803D-AC8C-4B1F-B563-BA4A6566C36C}.Release|Any CPU.ActiveCfg = Release|Any CPU
		{E96B803D-AC8C-4B1F-B563-BA4A6566C36C}.Release|Any CPU.Build.0 = Release|Any CPU
		{87A6038C-B2EC-41B9-9E98-AD6D2CDE87E0}.Debug|Any CPU.ActiveCfg = Debug|Any CPU
		{87A6038C-B2EC-41B9-9E98-AD6D2CDE87E0}.Debug|Any CPU.Build.0 = Debug|Any CPU
		{87A6038C-B2EC-41B9-9E98-AD6D2CDE87E0}.Release|Any CPU.ActiveCfg = Release|Any CPU
		{87A6038C-B2EC-41B9-9E98-AD6D2CDE87E0}.Release|Any CPU.Build.0 = Release|Any CPU
		{7EF87752-D147-4A1B-8924-4C8B017EA605}.Debug|Any CPU.ActiveCfg = Debug|Any CPU
		{7EF87752-D147-4A1B-8924-4C8B017EA605}.Debug|Any CPU.Build.0 = Debug|Any CPU
		{7EF87752-D147-4A1B-8924-4C8B017EA605}.Release|Any CPU.ActiveCfg = Release|Any CPU
		{7EF87752-D147-4A1B-8924-4C8B017EA605}.Release|Any CPU.Build.0 = Release|Any CPU
		{ABA0C2DD-A53C-4000-AB1C-54D864A39B21}.Debug|Any CPU.ActiveCfg = Debug|Any CPU
		{ABA0C2DD-A53C-4000-AB1C-54D864A39B21}.Debug|Any CPU.Build.0 = Debug|Any CPU
		{ABA0C2DD-A53C-4000-AB1C-54D864A39B21}.Release|Any CPU.ActiveCfg = Release|Any CPU
		{ABA0C2DD-A53C-4000-AB1C-54D864A39B21}.Release|Any CPU.Build.0 = Release|Any CPU
		{038DF08C-BA90-4ED3-8482-64B2DBE26FF2}.Debug|Any CPU.ActiveCfg = Debug|Any CPU
		{038DF08C-BA90-4ED3-8482-64B2DBE26FF2}.Debug|Any CPU.Build.0 = Debug|Any CPU
		{038DF08C-BA90-4ED3-8482-64B2DBE26FF2}.Release|Any CPU.ActiveCfg = Release|Any CPU
		{038DF08C-BA90-4ED3-8482-64B2DBE26FF2}.Release|Any CPU.Build.0 = Release|Any CPU
		{37B53AD7-FA54-4A29-9CE2-3DAA0D1C890B}.Debug|Any CPU.ActiveCfg = Debug|Any CPU
		{37B53AD7-FA54-4A29-9CE2-3DAA0D1C890B}.Debug|Any CPU.Build.0 = Debug|Any CPU
		{37B53AD7-FA54-4A29-9CE2-3DAA0D1C890B}.Release|Any CPU.ActiveCfg = Release|Any CPU
		{37B53AD7-FA54-4A29-9CE2-3DAA0D1C890B}.Release|Any CPU.Build.0 = Release|Any CPU
		{7A22FEA2-8171-4110-BA02-F45769DC6590}.Debug|Any CPU.ActiveCfg = Debug|Any CPU
		{7A22FEA2-8171-4110-BA02-F45769DC6590}.Debug|Any CPU.Build.0 = Debug|Any CPU
		{7A22FEA2-8171-4110-BA02-F45769DC6590}.Release|Any CPU.ActiveCfg = Release|Any CPU
		{7A22FEA2-8171-4110-BA02-F45769DC6590}.Release|Any CPU.Build.0 = Release|Any CPU
		{31774BBB-AD16-4C62-8BE6-D10353B1360A}.Debug|Any CPU.ActiveCfg = Debug|Any CPU
		{31774BBB-AD16-4C62-8BE6-D10353B1360A}.Debug|Any CPU.Build.0 = Debug|Any CPU
		{31774BBB-AD16-4C62-8BE6-D10353B1360A}.Release|Any CPU.ActiveCfg = Release|Any CPU
		{31774BBB-AD16-4C62-8BE6-D10353B1360A}.Release|Any CPU.Build.0 = Release|Any CPU
	EndGlobalSection
	GlobalSection(SolutionProperties) = preSolution
		HideSolutionNode = FALSE
	EndGlobalSection
	GlobalSection(NestedProjects) = preSolution
		{C106310F-B087-49D2-B2BD-A166B2F938C2} = {850E4F55-8F08-4F61-9C05-04FAD7153C2C}
		{3CEFEF2E-2447-4448-AFBA-8B2DA93AB8EB} = {850E4F55-8F08-4F61-9C05-04FAD7153C2C}
		{697763B8-7ED1-4DEC-8F8A-0BC30DD2EA9C} = {850E4F55-8F08-4F61-9C05-04FAD7153C2C}
		{89A8DC5C-C26C-45D6-9E5F-E6A57960D22A} = {A76657A7-BB29-4664-9E95-6F3AF7A499C1}
		{AFBA51CF-AC9C-4A01-BB79-EEFCFD4D3A44} = {A76657A7-BB29-4664-9E95-6F3AF7A499C1}
		{0B6FA756-86A6-43AE-AD17-4F42891846FD} = {850E4F55-8F08-4F61-9C05-04FAD7153C2C}
		{DFD8F01D-9498-44C7-B8AD-51EEE7E8D33E} = {3A1E0A3C-327A-40F5-B09B-8C9100189035}
		{2C230962-9CA9-4153-8887-5E5CFB63326C} = {4FC74285-6326-4AB0-BD8E-6E31D744853E}
		{930F9975-C2DC-4834-B7FC-CF73EA61B696} = {858174AB-5530-453A-8AD3-2E4474AD3304}
		{E96B803D-AC8C-4B1F-B563-BA4A6566C36C} = {B51D6FAE-FCC3-4A21-9AA1-31B678FDCFAC}
		{87A6038C-B2EC-41B9-9E98-AD6D2CDE87E0} = {B51D6FAE-FCC3-4A21-9AA1-31B678FDCFAC}
		{7EF87752-D147-4A1B-8924-4C8B017EA605} = {104BDE0D-DBAC-49AF-95B1-410283592FD9}
		{ABA0C2DD-A53C-4000-AB1C-54D864A39B21} = {5E8AEE2C-5802-4194-91FA-8DBD618800CC}
		{038DF08C-BA90-4ED3-8482-64B2DBE26FF2} = {5E8AEE2C-5802-4194-91FA-8DBD618800CC}
		{37B53AD7-FA54-4A29-9CE2-3DAA0D1C890B} = {C6EF3FBF-F432-493F-B435-B3C3CE34A2F3}
		{7A22FEA2-8171-4110-BA02-F45769DC6590} = {07F335D3-9368-4474-8FD4-B3A0441B2877}
		{31774BBB-AD16-4C62-8BE6-D10353B1360A} = {1AF45186-D46D-4FED-AAC2-C7E6BCE8D7CD}
	EndGlobalSection
	GlobalSection(ExtensibilityGlobals) = postSolution
		SolutionGuid = {10463829-E88B-4BA8-BC82-B6D7D3AA4330}
	EndGlobalSection
EndGlobal
