
Microsoft Visual Studio Solution File, Format Version 12.00
# Visual Studio Version 16
VisualStudioVersion = 16.0.30413.136
MinimumVisualStudioVersion = 10.0.40219.1
Project("{FAE04EC0-301F-11D3-BF4B-00C04F79EFBC}") = "proxy-exercise01", "Proxy\proxy-ex01\proxy-exercise01.csproj", "{C106310F-B087-49D2-B2BD-A166B2F938C2}"
EndProject
Project("{FAE04EC0-301F-11D3-BF4B-00C04F79EFBC}") = "proxy-exercise02", "Proxy\proxy-ex02\proxy-exercise02.csproj", "{3CEFEF2E-2447-4448-AFBA-8B2DA93AB8EB}"
EndProject
Project("{FAE04EC0-301F-11D3-BF4B-00C04F79EFBC}") = "proxy-exercise03", "Proxy\proxy-ex03\proxy-exercise03.csproj", "{697763B8-7ED1-4DEC-8F8A-0BC30DD2EA9C}"
EndProject
Project("{FAE04EC0-301F-11D3-BF4B-00C04F79EFBC}") = "decorator-exercise01", "Decorator\decorator-exercise01\decorator-exercise01.csproj", "{89A8DC5C-C26C-45D6-9E5F-E6A57960D22A}"
EndProject
Project("{FAE04EC0-301F-11D3-BF4B-00C04F79EFBC}") = "decorator-exercise02", "Decorator\decorator-exercise02\decorator-exercise02.csproj", "{AFBA51CF-AC9C-4A01-BB79-EEFCFD4D3A44}"
EndProject
Project("{FAE04EC0-301F-11D3-BF4B-00C04F79EFBC}") = "proxy-exercise05", "Proxy\proxy-ex05\proxy-exercise05.csproj", "{0B6FA756-86A6-43AE-AD17-4F42891846FD}"
EndProject
Project("{FAE04EC0-301F-11D3-BF4B-00C04F79EFBC}") = "adapter-exercise02", "Adapter\adapter-exercise02\adapter-exercise02.csproj", "{DFD8F01D-9498-44C7-B8AD-51EEE7E8D33E}"
EndProject
Project("{FAE04EC0-301F-11D3-BF4B-00C04F79EFBC}") = "bridge-exercise01", "Bridge\bridge-exercise01\bridge-exercise01.csproj", "{2C230962-9CA9-4153-8887-5E5CFB63326C}"
EndProject
Global
	GlobalSection(SolutionConfigurationPlatforms) = preSolution
		Debug|Any CPU = Debug|Any CPU
		Release|Any CPU = Release|Any CPU
	EndGlobalSection
	GlobalSection(ProjectConfigurationPlatforms) = postSolution
		{C106310F-B087-49D2-B2BD-A166B2F938C2}.Debug|Any CPU.ActiveCfg = Debug|Any CPU
		{C106310F-B087-49D2-B2BD-A166B2F938C2}.Debug|Any CPU.Build.0 = Debug|Any CPU
		{C106310F-B087-49D2-B2BD-A166B2F938C2}.Release|Any CPU.ActiveCfg = Release|Any CPU
		{C106310F-B087-49D2-B2BD-A166B2F938C2}.Release|Any CPU.Build.0 = Release|Any CPU
		{3CEFEF2E-2447-4448-AFBA-8B2DA93AB8EB}.Debug|Any CPU.ActiveCfg = Debug|Any CPU
		{3CEFEF2E-2447-4448-AFBA-8B2DA93AB8EB}.Debug|Any CPU.Build.0 = Debug|Any CPU
		{3CEFEF2E-2447-4448-AFBA-8B2DA93AB8EB}.Release|Any CPU.ActiveCfg = Release|Any CPU
		{3CEFEF2E-2447-4448-AFBA-8B2DA93AB8EB}.Release|Any CPU.Build.0 = Release|Any CPU
		{697763B8-7ED1-4DEC-8F8A-0BC30DD2EA9C}.Debug|Any CPU.ActiveCfg = Debug|Any CPU
		{697763B8-7ED1-4DEC-8F8A-0BC30DD2EA9C}.Debug|Any CPU.Build.0 = Debug|Any CPU
		{697763B8-7ED1-4DEC-8F8A-0BC30DD2EA9C}.Release|Any CPU.ActiveCfg = Release|Any CPU
		{697763B8-7ED1-4DEC-8F8A-0BC30DD2EA9C}.Release|Any CPU.Build.0 = Release|Any CPU
		{89A8DC5C-C26C-45D6-9E5F-E6A57960D22A}.Debug|Any CPU.ActiveCfg = Debug|Any CPU
		{89A8DC5C-C26C-45D6-9E5F-E6A57960D22A}.Debug|Any CPU.Build.0 = Debug|Any CPU
		{89A8DC5C-C26C-45D6-9E5F-E6A57960D22A}.Release|Any CPU.ActiveCfg = Release|Any CPU
		{89A8DC5C-C26C-45D6-9E5F-E6A57960D22A}.Release|Any CPU.Build.0 = Release|Any CPU
		{AFBA51CF-AC9C-4A01-BB79-EEFCFD4D3A44}.Debug|Any CPU.ActiveCfg = Debug|Any CPU
		{AFBA51CF-AC9C-4A01-BB79-EEFCFD4D3A44}.Debug|Any CPU.Build.0 = Debug|Any CPU
		{AFBA51CF-AC9C-4A01-BB79-EEFCFD4D3A44}.Release|Any CPU.ActiveCfg = Release|Any CPU
		{AFBA51CF-AC9C-4A01-BB79-EEFCFD4D3A44}.Release|Any CPU.Build.0 = Release|Any CPU
		{0B6FA756-86A6-43AE-AD17-4F42891846FD}.Debug|Any CPU.ActiveCfg = Debug|Any CPU
		{0B6FA756-86A6-43AE-AD17-4F42891846FD}.Debug|Any CPU.Build.0 = Debug|Any CPU
		{0B6FA756-86A6-43AE-AD17-4F42891846FD}.Release|Any CPU.ActiveCfg = Release|Any CPU
		{0B6FA756-86A6-43AE-AD17-4F42891846FD}.Release|Any CPU.Build.0 = Release|Any CPU
		{DFD8F01D-9498-44C7-B8AD-51EEE7E8D33E}.Debug|Any CPU.ActiveCfg = Debug|Any CPU
		{DFD8F01D-9498-44C7-B8AD-51EEE7E8D33E}.Debug|Any CPU.Build.0 = Debug|Any CPU
		{DFD8F01D-9498-44C7-B8AD-51EEE7E8D33E}.Release|Any CPU.ActiveCfg = Release|Any CPU
		{DFD8F01D-9498-44C7-B8AD-51EEE7E8D33E}.Release|Any CPU.Build.0 = Release|Any CPU
		{2C230962-9CA9-4153-8887-5E5CFB63326C}.Debug|Any CPU.ActiveCfg = Debug|Any CPU
		{2C230962-9CA9-4153-8887-5E5CFB63326C}.Debug|Any CPU.Build.0 = Debug|Any CPU
		{2C230962-9CA9-4153-8887-5E5CFB63326C}.Release|Any CPU.ActiveCfg = Release|Any CPU
		{2C230962-9CA9-4153-8887-5E5CFB63326C}.Release|Any CPU.Build.0 = Release|Any CPU
	EndGlobalSection
	GlobalSection(SolutionProperties) = preSolution
		HideSolutionNode = FALSE
	EndGlobalSection
	GlobalSection(ExtensibilityGlobals) = postSolution
		SolutionGuid = {10463829-E88B-4BA8-BC82-B6D7D3AA4330}
	EndGlobalSection
EndGlobal
