
Microsoft Visual Studio Solution File, Format Version 12.00
# Visual Studio Version 16
VisualStudioVersion = 16.0.30413.136
MinimumVisualStudioVersion = 10.0.40219.1
Project("{FAE04EC0-301F-11D3-BF4B-00C04F79EFBC}") = "proxy-exercise01", "proxy-exercise01\proxy-exercise01.csproj", "{C106310F-B087-49D2-B2BD-A166B2F938C2}"
EndProject
Global
	GlobalSection(SolutionConfigurationPlatforms) = preSolution
		Debug|Any CPU = Debug|Any CPU
		Release|Any CPU = Release|Any CPU
	EndGlobalSection
	GlobalSection(ProjectConfigurationPlatforms) = postSolution
		{C106310F-B087-49D2-B2BD-A166B2F938C2}.Debug|Any CPU.ActiveCfg = Debug|Any CPU
		{C106310F-B087-49D2-B2BD-A166B2F938C2}.Debug|Any CPU.Build.0 = Debug|Any CPU
		{C106310F-B087-49D2-B2BD-A166B2F938C2}.Release|Any CPU.ActiveCfg = Release|Any CPU
		{C106310F-B087-49D2-B2BD-A166B2F938C2}.Release|Any CPU.Build.0 = Release|Any CPU
	EndGlobalSection
	GlobalSection(SolutionProperties) = preSolution
		HideSolutionNode = FALSE
	EndGlobalSection
	GlobalSection(ExtensibilityGlobals) = postSolution
		SolutionGuid = {10463829-E88B-4BA8-BC82-B6D7D3AA4330}
	EndGlobalSection
EndGlobal
